
Microsoft Visual Studio Solution File, Format Version 12.00
# Visual Studio Version 16
VisualStudioVersion = 16.0.30503.244
MinimumVisualStudioVersion = 10.0.40219.1
Project("{FAE04EC0-301F-11D3-BF4B-00C04F79EFBC}") = "HarcosProjekt", "HarcosProjekt\HarcosProjekt.csproj", "{67DA5337-0093-4B4E-B5F7-963719DF511B}"
EndProject
Global
	GlobalSection(SolutionConfigurationPlatforms) = preSolution
		Debug|Any CPU = Debug|Any CPU
		Release|Any CPU = Release|Any CPU
	EndGlobalSection
	GlobalSection(ProjectConfigurationPlatforms) = postSolution
		{67DA5337-0093-4B4E-B5F7-963719DF511B}.Debug|Any CPU.ActiveCfg = Debug|Any CPU
		{67DA5337-0093-4B4E-B5F7-963719DF511B}.Debug|Any CPU.Build.0 = Debug|Any CPU
		{67DA5337-0093-4B4E-B5F7-963719DF511B}.Release|Any CPU.ActiveCfg = Release|Any CPU
		{67DA5337-0093-4B4E-B5F7-963719DF511B}.Release|Any CPU.Build.0 = Release|Any CPU
	EndGlobalSection
	GlobalSection(SolutionProperties) = preSolution
		HideSolutionNode = FALSE
	EndGlobalSection
	GlobalSection(ExtensibilityGlobals) = postSolution
		SolutionGuid = {0C1985B7-6DD9-4179-8751-EEA6A6E27D6E}
	EndGlobalSection
EndGlobal
